
Microsoft Visual Studio Solution File, Format Version 12.00
# Visual Studio Version 16
VisualStudioVersion = 16.0.30621.155
MinimumVisualStudioVersion = 10.0.40219.1
Project("{FAE04EC0-301F-11D3-BF4B-00C04F79EFBC}") = "Forms", "CasaDeComida_v2\Forms.csproj", "{AAF57FF1-3844-48C2-9C00-A3765BC63BD1}"
EndProject
Project("{FAE04EC0-301F-11D3-BF4B-00C04F79EFBC}") = "Entidades", "Entidades\Entidades.csproj", "{04113BD2-73DA-4190-83BF-5F4601B70A4B}"
EndProject
Project("{FAE04EC0-301F-11D3-BF4B-00C04F79EFBC}") = "UnitTest", "UnitTest\UnitTest.csproj", "{E94F06B2-EFE0-4623-873D-A29FD714FEB4}"
EndProject
Project("{FAE04EC0-301F-11D3-BF4B-00C04F79EFBC}") = "Excepciones", "Excepciones\Excepciones.csproj", "{849CD27B-C521-4BC1-97B0-5FD11ED13169}"
EndProject
Project("{FAE04EC0-301F-11D3-BF4B-00C04F79EFBC}") = "Archivo", "Archivo\Archivo.csproj", "{5A4E4122-D44E-44EA-A1A0-6DF1DC29FE04}"
EndProject
Project("{FAE04EC0-301F-11D3-BF4B-00C04F79EFBC}") = "Validaciones", "Validaciones\Validaciones.csproj", "{773EFB61-DC24-4CEC-BB15-C64469CC052B}"
EndProject
Global
	GlobalSection(SolutionConfigurationPlatforms) = preSolution
		Debug|Any CPU = Debug|Any CPU
		Release|Any CPU = Release|Any CPU
	EndGlobalSection
	GlobalSection(ProjectConfigurationPlatforms) = postSolution
		{AAF57FF1-3844-48C2-9C00-A3765BC63BD1}.Debug|Any CPU.ActiveCfg = Debug|Any CPU
		{AAF57FF1-3844-48C2-9C00-A3765BC63BD1}.Debug|Any CPU.Build.0 = Debug|Any CPU
		{AAF57FF1-3844-48C2-9C00-A3765BC63BD1}.Release|Any CPU.ActiveCfg = Release|Any CPU
		{AAF57FF1-3844-48C2-9C00-A3765BC63BD1}.Release|Any CPU.Build.0 = Release|Any CPU
		{04113BD2-73DA-4190-83BF-5F4601B70A4B}.Debug|Any CPU.ActiveCfg = Debug|Any CPU
		{04113BD2-73DA-4190-83BF-5F4601B70A4B}.Debug|Any CPU.Build.0 = Debug|Any CPU
		{04113BD2-73DA-4190-83BF-5F4601B70A4B}.Release|Any CPU.ActiveCfg = Release|Any CPU
		{04113BD2-73DA-4190-83BF-5F4601B70A4B}.Release|Any CPU.Build.0 = Release|Any CPU
		{E94F06B2-EFE0-4623-873D-A29FD714FEB4}.Debug|Any CPU.ActiveCfg = Debug|Any CPU
		{E94F06B2-EFE0-4623-873D-A29FD714FEB4}.Debug|Any CPU.Build.0 = Debug|Any CPU
		{E94F06B2-EFE0-4623-873D-A29FD714FEB4}.Release|Any CPU.ActiveCfg = Release|Any CPU
		{E94F06B2-EFE0-4623-873D-A29FD714FEB4}.Release|Any CPU.Build.0 = Release|Any CPU
		{849CD27B-C521-4BC1-97B0-5FD11ED13169}.Debug|Any CPU.ActiveCfg = Debug|Any CPU
		{849CD27B-C521-4BC1-97B0-5FD11ED13169}.Debug|Any CPU.Build.0 = Debug|Any CPU
		{849CD27B-C521-4BC1-97B0-5FD11ED13169}.Release|Any CPU.ActiveCfg = Release|Any CPU
		{849CD27B-C521-4BC1-97B0-5FD11ED13169}.Release|Any CPU.Build.0 = Release|Any CPU
		{5A4E4122-D44E-44EA-A1A0-6DF1DC29FE04}.Debug|Any CPU.ActiveCfg = Debug|Any CPU
		{5A4E4122-D44E-44EA-A1A0-6DF1DC29FE04}.Debug|Any CPU.Build.0 = Debug|Any CPU
		{5A4E4122-D44E-44EA-A1A0-6DF1DC29FE04}.Release|Any CPU.ActiveCfg = Release|Any CPU
		{5A4E4122-D44E-44EA-A1A0-6DF1DC29FE04}.Release|Any CPU.Build.0 = Release|Any CPU
		{773EFB61-DC24-4CEC-BB15-C64469CC052B}.Debug|Any CPU.ActiveCfg = Debug|Any CPU
		{773EFB61-DC24-4CEC-BB15-C64469CC052B}.Debug|Any CPU.Build.0 = Debug|Any CPU
		{773EFB61-DC24-4CEC-BB15-C64469CC052B}.Release|Any CPU.ActiveCfg = Release|Any CPU
		{773EFB61-DC24-4CEC-BB15-C64469CC052B}.Release|Any CPU.Build.0 = Release|Any CPU
	EndGlobalSection
	GlobalSection(SolutionProperties) = preSolution
		HideSolutionNode = FALSE
	EndGlobalSection
	GlobalSection(ExtensibilityGlobals) = postSolution
		SolutionGuid = {EE1C217A-9650-47A6-9A53-521EA8E0BDB5}
	EndGlobalSection
EndGlobal
